// !$*UTF8*$!
{
	archiveVersion = 1;
	classes = {
	};
	objectVersion = 55;
	objects = {

/* Begin PBXBuildFile section */
		1A53B0862884933E0025E2E3 /* RobitCommand.swift in Sources */ = {isa = PBXBuildFile; fileRef = 1A53B0852884933E0025E2E3 /* RobitCommand.swift */; };
		1A53B088288493F30025E2E3 /* RobitMovementOutput.swift in Sources */ = {isa = PBXBuildFile; fileRef = 1A53B087288493F30025E2E3 /* RobitMovementOutput.swift */; };
		1A53B08A2884975B0025E2E3 /* SensorService.swift in Sources */ = {isa = PBXBuildFile; fileRef = 1A53B0892884975B0025E2E3 /* SensorService.swift */; };
		1A53B08C2884A5080025E2E3 /* VirtualSensorService.swift in Sources */ = {isa = PBXBuildFile; fileRef = 1A53B08B2884A5080025E2E3 /* VirtualSensorService.swift */; };
		1A53B08E2884A7150025E2E3 /* SensorInput.swift in Sources */ = {isa = PBXBuildFile; fileRef = 1A53B08D2884A7150025E2E3 /* SensorInput.swift */; };
		1A53B0912884A9BA0025E2E3 /* RobitGoal.swift in Sources */ = {isa = PBXBuildFile; fileRef = 1A53B0902884A9B90025E2E3 /* RobitGoal.swift */; };
		1A53B0932884C0970025E2E3 /* RobitView.swift in Sources */ = {isa = PBXBuildFile; fileRef = 1A53B0922884C0970025E2E3 /* RobitView.swift */; };
		1A53B0952884FD850025E2E3 /* BluetoothService.swift in Sources */ = {isa = PBXBuildFile; fileRef = 1A53B0942884FD850025E2E3 /* BluetoothService.swift */; };
		1A53B0972884FE940025E2E3 /* BodyInteractor.swift in Sources */ = {isa = PBXBuildFile; fileRef = 1A53B0962884FE940025E2E3 /* BodyInteractor.swift */; };
		1A99106B2884832300F33F81 /* IRobitApp.swift in Sources */ = {isa = PBXBuildFile; fileRef = 1A99106A2884832300F33F81 /* IRobitApp.swift */; };
		1A99106D2884832300F33F81 /* ContentView.swift in Sources */ = {isa = PBXBuildFile; fileRef = 1A99106C2884832300F33F81 /* ContentView.swift */; };
		1A99106F2884832B00F33F81 /* Assets.xcassets in Resources */ = {isa = PBXBuildFile; fileRef = 1A99106E2884832B00F33F81 /* Assets.xcassets */; };
		1A9910722884832B00F33F81 /* Preview Assets.xcassets in Resources */ = {isa = PBXBuildFile; fileRef = 1A9910712884832B00F33F81 /* Preview Assets.xcassets */; };
		1A99107C2884832B00F33F81 /* IRobitTests.swift in Sources */ = {isa = PBXBuildFile; fileRef = 1A99107B2884832B00F33F81 /* IRobitTests.swift */; };
		1A99109A2884876000F33F81 /* RobitBrain.swift in Sources */ = {isa = PBXBuildFile; fileRef = 1A9910992884876000F33F81 /* RobitBrain.swift */; };
/* End PBXBuildFile section */

/* Begin PBXContainerItemProxy section */
		1A9910782884832B00F33F81 /* PBXContainerItemProxy */ = {
			isa = PBXContainerItemProxy;
			containerPortal = 1A99105F2884832300F33F81 /* Project object */;
			proxyType = 1;
			remoteGlobalIDString = 1A9910662884832300F33F81;
			remoteInfo = IRobit;
		};
/* End PBXContainerItemProxy section */

/* Begin PBXFileReference section */
		1A53B0852884933E0025E2E3 /* RobitCommand.swift */ = {isa = PBXFileReference; lastKnownFileType = sourcecode.swift; path = RobitCommand.swift; sourceTree = "<group>"; };
		1A53B087288493F30025E2E3 /* RobitMovementOutput.swift */ = {isa = PBXFileReference; lastKnownFileType = sourcecode.swift; path = RobitMovementOutput.swift; sourceTree = "<group>"; };
		1A53B0892884975B0025E2E3 /* SensorService.swift */ = {isa = PBXFileReference; lastKnownFileType = sourcecode.swift; path = SensorService.swift; sourceTree = "<group>"; };
		1A53B08B2884A5080025E2E3 /* VirtualSensorService.swift */ = {isa = PBXFileReference; lastKnownFileType = sourcecode.swift; path = VirtualSensorService.swift; sourceTree = "<group>"; };
		1A53B08D2884A7150025E2E3 /* SensorInput.swift */ = {isa = PBXFileReference; lastKnownFileType = sourcecode.swift; path = SensorInput.swift; sourceTree = "<group>"; };
		1A53B0902884A9B90025E2E3 /* RobitGoal.swift */ = {isa = PBXFileReference; lastKnownFileType = sourcecode.swift; path = RobitGoal.swift; sourceTree = "<group>"; };
		1A53B0922884C0970025E2E3 /* RobitView.swift */ = {isa = PBXFileReference; lastKnownFileType = sourcecode.swift; path = RobitView.swift; sourceTree = "<group>"; };
		1A53B0942884FD850025E2E3 /* BluetoothService.swift */ = {isa = PBXFileReference; lastKnownFileType = sourcecode.swift; path = BluetoothService.swift; sourceTree = "<group>"; };
		1A53B0962884FE940025E2E3 /* BodyInteractor.swift */ = {isa = PBXFileReference; lastKnownFileType = sourcecode.swift; path = BodyInteractor.swift; sourceTree = "<group>"; };
		1A53B098288504460025E2E3 /* Info.plist */ = {isa = PBXFileReference; lastKnownFileType = text.plist; path = Info.plist; sourceTree = "<group>"; };
		1A9910672884832300F33F81 /* IRobit.app */ = {isa = PBXFileReference; explicitFileType = wrapper.application; includeInIndex = 0; path = IRobit.app; sourceTree = BUILT_PRODUCTS_DIR; };
		1A99106A2884832300F33F81 /* IRobitApp.swift */ = {isa = PBXFileReference; lastKnownFileType = sourcecode.swift; path = IRobitApp.swift; sourceTree = "<group>"; };
		1A99106C2884832300F33F81 /* ContentView.swift */ = {isa = PBXFileReference; lastKnownFileType = sourcecode.swift; path = ContentView.swift; sourceTree = "<group>"; };
		1A99106E2884832B00F33F81 /* Assets.xcassets */ = {isa = PBXFileReference; lastKnownFileType = folder.assetcatalog; path = Assets.xcassets; sourceTree = "<group>"; };
		1A9910712884832B00F33F81 /* Preview Assets.xcassets */ = {isa = PBXFileReference; lastKnownFileType = folder.assetcatalog; path = "Preview Assets.xcassets"; sourceTree = "<group>"; };
		1A9910772884832B00F33F81 /* IRobitTests.xctest */ = {isa = PBXFileReference; explicitFileType = wrapper.cfbundle; includeInIndex = 0; path = IRobitTests.xctest; sourceTree = BUILT_PRODUCTS_DIR; };
		1A99107B2884832B00F33F81 /* IRobitTests.swift */ = {isa = PBXFileReference; lastKnownFileType = sourcecode.swift; path = IRobitTests.swift; sourceTree = "<group>"; };
		1A9910992884876000F33F81 /* RobitBrain.swift */ = {isa = PBXFileReference; lastKnownFileType = sourcecode.swift; path = RobitBrain.swift; sourceTree = "<group>"; };
/* End PBXFileReference section */

/* Begin PBXFrameworksBuildPhase section */
		1A9910642884832300F33F81 /* Frameworks */ = {
			isa = PBXFrameworksBuildPhase;
			buildActionMask = 2147483647;
			files = (
			);
			runOnlyForDeploymentPostprocessing = 0;
		};
		1A9910742884832B00F33F81 /* Frameworks */ = {
			isa = PBXFrameworksBuildPhase;
			buildActionMask = 2147483647;
			files = (
			);
			runOnlyForDeploymentPostprocessing = 0;
		};
/* End PBXFrameworksBuildPhase section */

/* Begin PBXGroup section */
		1A53B08F2884A8840025E2E3 /* IO */ = {
			isa = PBXGroup;
			children = (
				1A53B087288493F30025E2E3 /* RobitMovementOutput.swift */,
				1A53B0852884933E0025E2E3 /* RobitCommand.swift */,
				1A53B08D2884A7150025E2E3 /* SensorInput.swift */,
			);
			name = IO;
			sourceTree = "<group>";
		};
		1A99105E2884832300F33F81 = {
			isa = PBXGroup;
			children = (
				1A9910692884832300F33F81 /* IRobit */,
				1A99107A2884832B00F33F81 /* IRobitTests */,
				1A9910682884832300F33F81 /* Products */,
			);
			sourceTree = "<group>";
		};
		1A9910682884832300F33F81 /* Products */ = {
			isa = PBXGroup;
			children = (
				1A9910672884832300F33F81 /* IRobit.app */,
				1A9910772884832B00F33F81 /* IRobitTests.xctest */,
			);
			name = Products;
			sourceTree = "<group>";
		};
		1A9910692884832300F33F81 /* IRobit */ = {
			isa = PBXGroup;
			children = (
				1A53B098288504460025E2E3 /* Info.plist */,
				1A9910982884843E00F33F81 /* Apllication */,
				1A991094288483A500F33F81 /* Domain */,
				1A9910962884840400F33F81 /* Service */,
				1A991095288483E300F33F81 /* Interactor */,
				1A9910972884841B00F33F81 /* UI */,
				1A99106E2884832B00F33F81 /* Assets.xcassets */,
				1A9910702884832B00F33F81 /* Preview Content */,
			);
			path = IRobit;
			sourceTree = "<group>";
		};
		1A9910702884832B00F33F81 /* Preview Content */ = {
			isa = PBXGroup;
			children = (
				1A9910712884832B00F33F81 /* Preview Assets.xcassets */,
			);
			path = "Preview Content";
			sourceTree = "<group>";
		};
		1A99107A2884832B00F33F81 /* IRobitTests */ = {
			isa = PBXGroup;
			children = (
				1A99107B2884832B00F33F81 /* IRobitTests.swift */,
			);
			path = IRobitTests;
			sourceTree = "<group>";
		};
		1A991094288483A500F33F81 /* Domain */ = {
			isa = PBXGroup;
			children = (
				1A9910992884876000F33F81 /* RobitBrain.swift */,
				1A53B0902884A9B90025E2E3 /* RobitGoal.swift */,
				1A53B08F2884A8840025E2E3 /* IO */,
			);
			path = Domain;
			sourceTree = "<group>";
		};
		1A991095288483E300F33F81 /* Interactor */ = {
			isa = PBXGroup;
			children = (
				1A53B0962884FE940025E2E3 /* BodyInteractor.swift */,
			);
			name = Interactor;
			sourceTree = "<group>";
		};
		1A9910962884840400F33F81 /* Service */ = {
			isa = PBXGroup;
			children = (
				1A53B0892884975B0025E2E3 /* SensorService.swift */,
				1A53B08B2884A5080025E2E3 /* VirtualSensorService.swift */,
				1A53B0942884FD850025E2E3 /* BluetoothService.swift */,
			);
			name = Service;
			sourceTree = "<group>";
		};
		1A9910972884841B00F33F81 /* UI */ = {
			isa = PBXGroup;
			children = (
				1A99106C2884832300F33F81 /* ContentView.swift */,
				1A53B0922884C0970025E2E3 /* RobitView.swift */,
			);
			name = UI;
			sourceTree = "<group>";
		};
		1A9910982884843E00F33F81 /* Apllication */ = {
			isa = PBXGroup;
			children = (
				1A99106A2884832300F33F81 /* IRobitApp.swift */,
			);
			name = Apllication;
			sourceTree = "<group>";
		};
/* End PBXGroup section */

/* Begin PBXNativeTarget section */
		1A9910662884832300F33F81 /* IRobit */ = {
			isa = PBXNativeTarget;
			buildConfigurationList = 1A99108B2884832B00F33F81 /* Build configuration list for PBXNativeTarget "IRobit" */;
			buildPhases = (
				1A9910632884832300F33F81 /* Sources */,
				1A9910642884832300F33F81 /* Frameworks */,
				1A9910652884832300F33F81 /* Resources */,
			);
			buildRules = (
			);
			dependencies = (
			);
			name = IRobit;
			productName = IRobit;
			productReference = 1A9910672884832300F33F81 /* IRobit.app */;
			productType = "com.apple.product-type.application";
		};
		1A9910762884832B00F33F81 /* IRobitTests */ = {
			isa = PBXNativeTarget;
			buildConfigurationList = 1A99108E2884832B00F33F81 /* Build configuration list for PBXNativeTarget "IRobitTests" */;
			buildPhases = (
				1A9910732884832B00F33F81 /* Sources */,
				1A9910742884832B00F33F81 /* Frameworks */,
				1A9910752884832B00F33F81 /* Resources */,
			);
			buildRules = (
			);
			dependencies = (
				1A9910792884832B00F33F81 /* PBXTargetDependency */,
			);
			name = IRobitTests;
			productName = IRobitTests;
			productReference = 1A9910772884832B00F33F81 /* IRobitTests.xctest */;
			productType = "com.apple.product-type.bundle.unit-test";
		};
/* End PBXNativeTarget section */

/* Begin PBXProject section */
		1A99105F2884832300F33F81 /* Project object */ = {
			isa = PBXProject;
			attributes = {
				BuildIndependentTargetsInParallel = 1;
				LastSwiftUpdateCheck = 1330;
				LastUpgradeCheck = 1330;
				TargetAttributes = {
					1A9910662884832300F33F81 = {
						CreatedOnToolsVersion = 13.3.1;
					};
					1A9910762884832B00F33F81 = {
						CreatedOnToolsVersion = 13.3.1;
						TestTargetID = 1A9910662884832300F33F81;
					};
				};
			};
			buildConfigurationList = 1A9910622884832300F33F81 /* Build configuration list for PBXProject "IRobit" */;
			compatibilityVersion = "Xcode 13.0";
			developmentRegion = en;
			hasScannedForEncodings = 0;
			knownRegions = (
				en,
				Base,
			);
			mainGroup = 1A99105E2884832300F33F81;
			productRefGroup = 1A9910682884832300F33F81 /* Products */;
			projectDirPath = "";
			projectRoot = "";
			targets = (
				1A9910662884832300F33F81 /* IRobit */,
				1A9910762884832B00F33F81 /* IRobitTests */,
			);
		};
/* End PBXProject section */

/* Begin PBXResourcesBuildPhase section */
		1A9910652884832300F33F81 /* Resources */ = {
			isa = PBXResourcesBuildPhase;
			buildActionMask = 2147483647;
			files = (
				1A9910722884832B00F33F81 /* Preview Assets.xcassets in Resources */,
				1A99106F2884832B00F33F81 /* Assets.xcassets in Resources */,
			);
			runOnlyForDeploymentPostprocessing = 0;
		};
		1A9910752884832B00F33F81 /* Resources */ = {
			isa = PBXResourcesBuildPhase;
			buildActionMask = 2147483647;
			files = (
			);
			runOnlyForDeploymentPostprocessing = 0;
		};
/* End PBXResourcesBuildPhase section */

/* Begin PBXSourcesBuildPhase section */
		1A9910632884832300F33F81 /* Sources */ = {
			isa = PBXSourcesBuildPhase;
			buildActionMask = 2147483647;
			files = (
				1A53B0952884FD850025E2E3 /* BluetoothService.swift in Sources */,
				1A53B0862884933E0025E2E3 /* RobitCommand.swift in Sources */,
				1A53B088288493F30025E2E3 /* RobitMovementOutput.swift in Sources */,
				1A99109A2884876000F33F81 /* RobitBrain.swift in Sources */,
				1A53B0972884FE940025E2E3 /* BodyInteractor.swift in Sources */,
				1A53B08C2884A5080025E2E3 /* VirtualSensorService.swift in Sources */,
				1A99106D2884832300F33F81 /* ContentView.swift in Sources */,
				1A53B0912884A9BA0025E2E3 /* RobitGoal.swift in Sources */,
				1A99106B2884832300F33F81 /* IRobitApp.swift in Sources */,
				1A53B08E2884A7150025E2E3 /* SensorInput.swift in Sources */,
				1A53B08A2884975B0025E2E3 /* SensorService.swift in Sources */,
				1A53B0932884C0970025E2E3 /* RobitView.swift in Sources */,
			);
			runOnlyForDeploymentPostprocessing = 0;
		};
		1A9910732884832B00F33F81 /* Sources */ = {
			isa = PBXSourcesBuildPhase;
			buildActionMask = 2147483647;
			files = (
				1A99107C2884832B00F33F81 /* IRobitTests.swift in Sources */,
			);
			runOnlyForDeploymentPostprocessing = 0;
		};
/* End PBXSourcesBuildPhase section */

/* Begin PBXTargetDependency section */
		1A9910792884832B00F33F81 /* PBXTargetDependency */ = {
			isa = PBXTargetDependency;
			target = 1A9910662884832300F33F81 /* IRobit */;
			targetProxy = 1A9910782884832B00F33F81 /* PBXContainerItemProxy */;
		};
/* End PBXTargetDependency section */

/* Begin XCBuildConfiguration section */
		1A9910892884832B00F33F81 /* Debug */ = {
			isa = XCBuildConfiguration;
			buildSettings = {
				ALWAYS_SEARCH_USER_PATHS = NO;
				CLANG_ANALYZER_NONNULL = YES;
				CLANG_ANALYZER_NUMBER_OBJECT_CONVERSION = YES_AGGRESSIVE;
				CLANG_CXX_LANGUAGE_STANDARD = "gnu++17";
				CLANG_ENABLE_MODULES = YES;
				CLANG_ENABLE_OBJC_ARC = YES;
				CLANG_ENABLE_OBJC_WEAK = YES;
				CLANG_WARN_BLOCK_CAPTURE_AUTORELEASING = YES;
				CLANG_WARN_BOOL_CONVERSION = YES;
				CLANG_WARN_COMMA = YES;
				CLANG_WARN_CONSTANT_CONVERSION = YES;
				CLANG_WARN_DEPRECATED_OBJC_IMPLEMENTATIONS = YES;
				CLANG_WARN_DIRECT_OBJC_ISA_USAGE = YES_ERROR;
				CLANG_WARN_DOCUMENTATION_COMMENTS = YES;
				CLANG_WARN_EMPTY_BODY = YES;
				CLANG_WARN_ENUM_CONVERSION = YES;
				CLANG_WARN_INFINITE_RECURSION = YES;
				CLANG_WARN_INT_CONVERSION = YES;
				CLANG_WARN_NON_LITERAL_NULL_CONVERSION = YES;
				CLANG_WARN_OBJC_IMPLICIT_RETAIN_SELF = YES;
				CLANG_WARN_OBJC_LITERAL_CONVERSION = YES;
				CLANG_WARN_OBJC_ROOT_CLASS = YES_ERROR;
				CLANG_WARN_QUOTED_INCLUDE_IN_FRAMEWORK_HEADER = YES;
				CLANG_WARN_RANGE_LOOP_ANALYSIS = YES;
				CLANG_WARN_STRICT_PROTOTYPES = YES;
				CLANG_WARN_SUSPICIOUS_MOVE = YES;
				CLANG_WARN_UNGUARDED_AVAILABILITY = YES_AGGRESSIVE;
				CLANG_WARN_UNREACHABLE_CODE = YES;
				CLANG_WARN__DUPLICATE_METHOD_MATCH = YES;
				COPY_PHASE_STRIP = NO;
				DEBUG_INFORMATION_FORMAT = dwarf;
				ENABLE_STRICT_OBJC_MSGSEND = YES;
				ENABLE_TESTABILITY = YES;
				GCC_C_LANGUAGE_STANDARD = gnu11;
				GCC_DYNAMIC_NO_PIC = NO;
				GCC_NO_COMMON_BLOCKS = YES;
				GCC_OPTIMIZATION_LEVEL = 0;
				GCC_PREPROCESSOR_DEFINITIONS = (
					"DEBUG=1",
					"$(inherited)",
				);
				GCC_WARN_64_TO_32_BIT_CONVERSION = YES;
				GCC_WARN_ABOUT_RETURN_TYPE = YES_ERROR;
				GCC_WARN_UNDECLARED_SELECTOR = YES;
				GCC_WARN_UNINITIALIZED_AUTOS = YES_AGGRESSIVE;
				GCC_WARN_UNUSED_FUNCTION = YES;
				GCC_WARN_UNUSED_VARIABLE = YES;
				IPHONEOS_DEPLOYMENT_TARGET = 15.3;
				MTL_ENABLE_DEBUG_INFO = INCLUDE_SOURCE;
				MTL_FAST_MATH = YES;
				ONLY_ACTIVE_ARCH = YES;
				SDKROOT = iphoneos;
				SWIFT_ACTIVE_COMPILATION_CONDITIONS = DEBUG;
				SWIFT_OPTIMIZATION_LEVEL = "-Onone";
			};
			name = Debug;
		};
		1A99108A2884832B00F33F81 /* Release */ = {
			isa = XCBuildConfiguration;
			buildSettings = {
				ALWAYS_SEARCH_USER_PATHS = NO;
				CLANG_ANALYZER_NONNULL = YES;
				CLANG_ANALYZER_NUMBER_OBJECT_CONVERSION = YES_AGGRESSIVE;
				CLANG_CXX_LANGUAGE_STANDARD = "gnu++17";
				CLANG_ENABLE_MODULES = YES;
				CLANG_ENABLE_OBJC_ARC = YES;
				CLANG_ENABLE_OBJC_WEAK = YES;
				CLANG_WARN_BLOCK_CAPTURE_AUTORELEASING = YES;
				CLANG_WARN_BOOL_CONVERSION = YES;
				CLANG_WARN_COMMA = YES;
				CLANG_WARN_CONSTANT_CONVERSION = YES;
				CLANG_WARN_DEPRECATED_OBJC_IMPLEMENTATIONS = YES;
				CLANG_WARN_DIRECT_OBJC_ISA_USAGE = YES_ERROR;
				CLANG_WARN_DOCUMENTATION_COMMENTS = YES;
				CLANG_WARN_EMPTY_BODY = YES;
				CLANG_WARN_ENUM_CONVERSION = YES;
				CLANG_WARN_INFINITE_RECURSION = YES;
				CLANG_WARN_INT_CONVERSION = YES;
				CLANG_WARN_NON_LITERAL_NULL_CONVERSION = YES;
				CLANG_WARN_OBJC_IMPLICIT_RETAIN_SELF = YES;
				CLANG_WARN_OBJC_LITERAL_CONVERSION = YES;
				CLANG_WARN_OBJC_ROOT_CLASS = YES_ERROR;
				CLANG_WARN_QUOTED_INCLUDE_IN_FRAMEWORK_HEADER = YES;
				CLANG_WARN_RANGE_LOOP_ANALYSIS = YES;
				CLANG_WARN_STRICT_PROTOTYPES = YES;
				CLANG_WARN_SUSPICIOUS_MOVE = YES;
				CLANG_WARN_UNGUARDED_AVAILABILITY = YES_AGGRESSIVE;
				CLANG_WARN_UNREACHABLE_CODE = YES;
				CLANG_WARN__DUPLICATE_METHOD_MATCH = YES;
				COPY_PHASE_STRIP = NO;
				DEBUG_INFORMATION_FORMAT = "dwarf-with-dsym";
				ENABLE_NS_ASSERTIONS = NO;
				ENABLE_STRICT_OBJC_MSGSEND = YES;
				GCC_C_LANGUAGE_STANDARD = gnu11;
				GCC_NO_COMMON_BLOCKS = YES;
				GCC_WARN_64_TO_32_BIT_CONVERSION = YES;
				GCC_WARN_ABOUT_RETURN_TYPE = YES_ERROR;
				GCC_WARN_UNDECLARED_SELECTOR = YES;
				GCC_WARN_UNINITIALIZED_AUTOS = YES_AGGRESSIVE;
				GCC_WARN_UNUSED_FUNCTION = YES;
				GCC_WARN_UNUSED_VARIABLE = YES;
				IPHONEOS_DEPLOYMENT_TARGET = 15.3;
				MTL_ENABLE_DEBUG_INFO = NO;
				MTL_FAST_MATH = YES;
				SDKROOT = iphoneos;
				SWIFT_COMPILATION_MODE = wholemodule;
				SWIFT_OPTIMIZATION_LEVEL = "-O";
				VALIDATE_PRODUCT = YES;
			};
			name = Release;
		};
		1A99108C2884832B00F33F81 /* Debug */ = {
			isa = XCBuildConfiguration;
			buildSettings = {
				ASSETCATALOG_COMPILER_APPICON_NAME = AppIcon;
				ASSETCATALOG_COMPILER_GLOBAL_ACCENT_COLOR_NAME = AccentColor;
				CODE_SIGN_STYLE = Automatic;
				CURRENT_PROJECT_VERSION = 1;
				DEVELOPMENT_ASSET_PATHS = "\"IRobit/Preview Content\"";
				DEVELOPMENT_TEAM = 8PD973N6JY;
				ENABLE_PREVIEWS = YES;
				GENERATE_INFOPLIST_FILE = YES;
				INFOPLIST_FILE = IRobit/Info.plist;
				INFOPLIST_KEY_NSBluetoothAlwaysUsageDescription = "";
				INFOPLIST_KEY_NSBluetoothPeripheralUsageDescription = "Bluetooth used to connect to Siri Body.";
				INFOPLIST_KEY_NSMotionUsageDescription = "Device Motion used to orient Robit";
				INFOPLIST_KEY_UIApplicationSceneManifest_Generation = YES;
				INFOPLIST_KEY_UIApplicationSupportsIndirectInputEvents = YES;
				INFOPLIST_KEY_UILaunchScreen_Generation = YES;
				INFOPLIST_KEY_UISupportedInterfaceOrientations_iPad = "UIInterfaceOrientationPortrait UIInterfaceOrientationPortraitUpsideDown UIInterfaceOrientationLandscapeLeft UIInterfaceOrientationLandscapeRight";
				INFOPLIST_KEY_UISupportedInterfaceOrientations_iPhone = "UIInterfaceOrientationPortrait UIInterfaceOrientationLandscapeLeft UIInterfaceOrientationLandscapeRight";
				LD_RUNPATH_SEARCH_PATHS = (
					"$(inherited)",
					"@executable_path/Frameworks",
				);
				MARKETING_VERSION = 1.0;
				PRODUCT_BUNDLE_IDENTIFIER = Penjat.IRobit;
				PRODUCT_NAME = "$(TARGET_NAME)";
				SWIFT_EMIT_LOC_STRINGS = YES;
				SWIFT_VERSION = 5.0;
				TARGETED_DEVICE_FAMILY = "1,2";
			};
			name = Debug;
		};
		1A99108D2884832B00F33F81 /* Release */ = {
			isa = XCBuildConfiguration;
			buildSettings = {
				ASSETCATALOG_COMPILER_APPICON_NAME = AppIcon;
				ASSETCATALOG_COMPILER_GLOBAL_ACCENT_COLOR_NAME = AccentColor;
				CODE_SIGN_STYLE = Automatic;
				CURRENT_PROJECT_VERSION = 1;
				DEVELOPMENT_ASSET_PATHS = "\"IRobit/Preview Content\"";
				DEVELOPMENT_TEAM = 8PD973N6JY;
				ENABLE_PREVIEWS = YES;
				GENERATE_INFOPLIST_FILE = YES;
				INFOPLIST_FILE = IRobit/Info.plist;
				INFOPLIST_KEY_NSBluetoothAlwaysUsageDescription = "";
				INFOPLIST_KEY_NSBluetoothPeripheralUsageDescription = "Bluetooth used to connect to Siri Body.";
				INFOPLIST_KEY_NSMotionUsageDescription = "Device Motion used to orient Robit";
				INFOPLIST_KEY_UIApplicationSceneManifest_Generation = YES;
				INFOPLIST_KEY_UIApplicationSupportsIndirectInputEvents = YES;
				INFOPLIST_KEY_UILaunchScreen_Generation = YES;
				INFOPLIST_KEY_UISupportedInterfaceOrientations_iPad = "UIInterfaceOrientationPortrait UIInterfaceOrientationPortraitUpsideDown UIInterfaceOrientationLandscapeLeft UIInterfaceOrientationLandscapeRight";
				INFOPLIST_KEY_UISupportedInterfaceOrientations_iPhone = "UIInterfaceOrientationPortrait UIInterfaceOrientationLandscapeLeft UIInterfaceOrientationLandscapeRight";
				LD_RUNPATH_SEARCH_PATHS = (
					"$(inherited)",
					"@executable_path/Frameworks",
				);
				MARKETING_VERSION = 1.0;
				PRODUCT_BUNDLE_IDENTIFIER = Penjat.IRobit;
				PRODUCT_NAME = "$(TARGET_NAME)";
				SWIFT_EMIT_LOC_STRINGS = YES;
				SWIFT_VERSION = 5.0;
				TARGETED_DEVICE_FAMILY = "1,2";
			};
			name = Release;
		};
		1A99108F2884832B00F33F81 /* Debug */ = {
			isa = XCBuildConfiguration;
			buildSettings = {
				ALWAYS_EMBED_SWIFT_STANDARD_LIBRARIES = YES;
				BUNDLE_LOADER = "$(TEST_HOST)";
				CODE_SIGN_STYLE = Automatic;
				CURRENT_PROJECT_VERSION = 1;
				DEVELOPMENT_TEAM = 8PD973N6JY;
				GENERATE_INFOPLIST_FILE = YES;
				IPHONEOS_DEPLOYMENT_TARGET = 15.3;
				MARKETING_VERSION = 1.0;
				PRODUCT_BUNDLE_IDENTIFIER = Penjat.IRobitTests;
				PRODUCT_NAME = "$(TARGET_NAME)";
				SWIFT_EMIT_LOC_STRINGS = NO;
				SWIFT_VERSION = 5.0;
				TARGETED_DEVICE_FAMILY = "1,2";
				TEST_HOST = "$(BUILT_PRODUCTS_DIR)/IRobit.app/IRobit";
			};
			name = Debug;
		};
		1A9910902884832B00F33F81 /* Release */ = {
			isa = XCBuildConfiguration;
			buildSettings = {
				ALWAYS_EMBED_SWIFT_STANDARD_LIBRARIES = YES;
				BUNDLE_LOADER = "$(TEST_HOST)";
				CODE_SIGN_STYLE = Automatic;
				CURRENT_PROJECT_VERSION = 1;
				DEVELOPMENT_TEAM = 8PD973N6JY;
				GENERATE_INFOPLIST_FILE = YES;
				IPHONEOS_DEPLOYMENT_TARGET = 15.3;
				MARKETING_VERSION = 1.0;
				PRODUCT_BUNDLE_IDENTIFIER = Penjat.IRobitTests;
				PRODUCT_NAME = "$(TARGET_NAME)";
				SWIFT_EMIT_LOC_STRINGS = NO;
				SWIFT_VERSION = 5.0;
				TARGETED_DEVICE_FAMILY = "1,2";
				TEST_HOST = "$(BUILT_PRODUCTS_DIR)/IRobit.app/IRobit";
			};
			name = Release;
		};
/* End XCBuildConfiguration section */

/* Begin XCConfigurationList section */
		1A9910622884832300F33F81 /* Build configuration list for PBXProject "IRobit" */ = {
			isa = XCConfigurationList;
			buildConfigurations = (
				1A9910892884832B00F33F81 /* Debug */,
				1A99108A2884832B00F33F81 /* Release */,
			);
			defaultConfigurationIsVisible = 0;
			defaultConfigurationName = Release;
		};
		1A99108B2884832B00F33F81 /* Build configuration list for PBXNativeTarget "IRobit" */ = {
			isa = XCConfigurationList;
			buildConfigurations = (
				1A99108C2884832B00F33F81 /* Debug */,
				1A99108D2884832B00F33F81 /* Release */,
			);
			defaultConfigurationIsVisible = 0;
			defaultConfigurationName = Release;
		};
		1A99108E2884832B00F33F81 /* Build configuration list for PBXNativeTarget "IRobitTests" */ = {
			isa = XCConfigurationList;
			buildConfigurations = (
				1A99108F2884832B00F33F81 /* Debug */,
				1A9910902884832B00F33F81 /* Release */,
			);
			defaultConfigurationIsVisible = 0;
			defaultConfigurationName = Release;
		};
/* End XCConfigurationList section */
	};
	rootObject = 1A99105F2884832300F33F81 /* Project object */;
}
